
Microsoft Visual Studio Solution File, Format Version 12.00
# Visual Studio Version 17
VisualStudioVersion = 17.8.34525.116
MinimumVisualStudioVersion = 10.0.40219.1
Project("{FAE04EC0-301F-11D3-BF4B-00C04F79EFBC}") = "TodoList.API", "TodoListAPI\TodoList.API.csproj", "{F34BD83C-A61C-43CB-A885-453AEA9AFDC7}"
EndProject
Project("{FAE04EC0-301F-11D3-BF4B-00C04F79EFBC}") = "TodoList.Communication", "TodoList.Communication\TodoList.Communication.csproj", "{4E228B5F-56B1-42F0-A9C4-E3DF2FE1088F}"
EndProject
Project("{FAE04EC0-301F-11D3-BF4B-00C04F79EFBC}") = "TodoList.Application", "TodoList.Application\TodoList.Application.csproj", "{9C0D78FB-36AC-417E-8903-85C4BEE0FA53}"
EndProject
Global
	GlobalSection(SolutionConfigurationPlatforms) = preSolution
		Debug|Any CPU = Debug|Any CPU
		Release|Any CPU = Release|Any CPU
	EndGlobalSection
	GlobalSection(ProjectConfigurationPlatforms) = postSolution
		{F34BD83C-A61C-43CB-A885-453AEA9AFDC7}.Debug|Any CPU.ActiveCfg = Debug|Any CPU
		{F34BD83C-A61C-43CB-A885-453AEA9AFDC7}.Debug|Any CPU.Build.0 = Debug|Any CPU
		{F34BD83C-A61C-43CB-A885-453AEA9AFDC7}.Release|Any CPU.ActiveCfg = Release|Any CPU
		{F34BD83C-A61C-43CB-A885-453AEA9AFDC7}.Release|Any CPU.Build.0 = Release|Any CPU
		{4E228B5F-56B1-42F0-A9C4-E3DF2FE1088F}.Debug|Any CPU.ActiveCfg = Debug|Any CPU
		{4E228B5F-56B1-42F0-A9C4-E3DF2FE1088F}.Debug|Any CPU.Build.0 = Debug|Any CPU
		{4E228B5F-56B1-42F0-A9C4-E3DF2FE1088F}.Release|Any CPU.ActiveCfg = Release|Any CPU
		{4E228B5F-56B1-42F0-A9C4-E3DF2FE1088F}.Release|Any CPU.Build.0 = Release|Any CPU
		{9C0D78FB-36AC-417E-8903-85C4BEE0FA53}.Debug|Any CPU.ActiveCfg = Debug|Any CPU
		{9C0D78FB-36AC-417E-8903-85C4BEE0FA53}.Debug|Any CPU.Build.0 = Debug|Any CPU
		{9C0D78FB-36AC-417E-8903-85C4BEE0FA53}.Release|Any CPU.ActiveCfg = Release|Any CPU
		{9C0D78FB-36AC-417E-8903-85C4BEE0FA53}.Release|Any CPU.Build.0 = Release|Any CPU
	EndGlobalSection
	GlobalSection(SolutionProperties) = preSolution
		HideSolutionNode = FALSE
	EndGlobalSection
	GlobalSection(ExtensibilityGlobals) = postSolution
		SolutionGuid = {310C8D44-D65C-4EE2-ADCB-F47AE7FDBADF}
	EndGlobalSection
EndGlobal
